%{"feeder": {:hex, :feeder, "2.2.1", "9b1236d32cf971a049968b4c3955fa4808bd132b347af6e30a06fc2093751796", [:make], []},
  "feeder_ex": {:hex, :feeder_ex, "1.0.1", "5516b570757af89c2148c9ef9985edec4757776a2dad9f90628fe2f67aec71f8", [:mix], [{:feeder, "~> 2.1", [hex: :feeder, optional: false]}]},
  "ibrowse": {:hex, :ibrowse, "4.4.0", "2d923325efe0d2cb09b9c6a047b2835a5eda69d8a47ed6ff8bc03628b764e991", [:rebar3], []},
  "poison": {:hex, :poison, "3.1.0", "d9eb636610e096f86f25d9a46f35a9facac35609a7591b3be3326e99a0484665", [:mix], []},
  "tesla": {:hex, :tesla, "0.6.0", "ede6f50c4f7d57d6787c313c30279b1d7176c362cd6f39993166375f540ec368", [:mix], [{:exjsx, ">= 0.1.0", [hex: :exjsx, optional: true]}, {:fuse, "~> 2.4", [hex: :fuse, optional: true]}, {:hackney, "~> 1.6.0", [hex: :hackney, optional: true]}, {:ibrowse, "~> 4.2", [hex: :ibrowse, optional: true]}, {:poison, ">= 1.0.0", [hex: :poison, optional: true]}]}}
